
Microsoft Visual Studio Solution File, Format Version 12.00
# Visual Studio Version 17
VisualStudioVersion = 17.14.36908.2
MinimumVisualStudioVersion = 10.0.40219.1
Project("{2150E333-8FDC-42A3-9474-1A3956D46DE8}") = "Backend", "Backend", "{15C03A4D-C500-66EB-8C61-BCCFF173B1C6}"
EndProject
Project("{FAE04EC0-301F-11D3-BF4B-00C04F79EFBC}") = "ShopNN", "ShopNN\ShopNN.csproj", "{D2EBAC75-43D0-472E-803D-D0484348802B}"
EndProject
Project("{FAE04EC0-301F-11D3-BF4B-00C04F79EFBC}") = "ShopNN.Tests", "ShopNN.Tests\ShopNN.Tests.csproj", "{943E1CC7-C1DC-44B8-9B97-9391BEAB7796}"
EndProject
Global
	GlobalSection(SolutionConfigurationPlatforms) = preSolution
		Debug|Any CPU = Debug|Any CPU
		Debug|x64 = Debug|x64
		Debug|x86 = Debug|x86
		Release|Any CPU = Release|Any CPU
		Release|x64 = Release|x64
		Release|x86 = Release|x86
	EndGlobalSection
	GlobalSection(ProjectConfigurationPlatforms) = postSolution
		{D2EBAC75-43D0-472E-803D-D0484348802B}.Debug|Any CPU.ActiveCfg = Debug|Any CPU
		{D2EBAC75-43D0-472E-803D-D0484348802B}.Debug|Any CPU.Build.0 = Debug|Any CPU
		{D2EBAC75-43D0-472E-803D-D0484348802B}.Debug|x64.ActiveCfg = Debug|Any CPU
		{D2EBAC75-43D0-472E-803D-D0484348802B}.Debug|x64.Build.0 = Debug|Any CPU
		{D2EBAC75-43D0-472E-803D-D0484348802B}.Debug|x86.ActiveCfg = Debug|Any CPU
		{D2EBAC75-43D0-472E-803D-D0484348802B}.Debug|x86.Build.0 = Debug|Any CPU
		{D2EBAC75-43D0-472E-803D-D0484348802B}.Release|Any CPU.ActiveCfg = Release|Any CPU
		{D2EBAC75-43D0-472E-803D-D0484348802B}.Release|Any CPU.Build.0 = Release|Any CPU
		{D2EBAC75-43D0-472E-803D-D0484348802B}.Release|x64.ActiveCfg = Release|Any CPU
		{D2EBAC75-43D0-472E-803D-D0484348802B}.Release|x64.Build.0 = Release|Any CPU
		{D2EBAC75-43D0-472E-803D-D0484348802B}.Release|x86.ActiveCfg = Release|Any CPU
		{D2EBAC75-43D0-472E-803D-D0484348802B}.Release|x86.Build.0 = Release|Any CPU
		{943E1CC7-C1DC-44B8-9B97-9391BEAB7796}.Debug|Any CPU.ActiveCfg = Debug|Any CPU
		{943E1CC7-C1DC-44B8-9B97-9391BEAB7796}.Debug|Any CPU.Build.0 = Debug|Any CPU
		{943E1CC7-C1DC-44B8-9B97-9391BEAB7796}.Debug|x64.ActiveCfg = Debug|Any CPU
		{943E1CC7-C1DC-44B8-9B97-9391BEAB7796}.Debug|x64.Build.0 = Debug|Any CPU
		{943E1CC7-C1DC-44B8-9B97-9391BEAB7796}.Debug|x86.ActiveCfg = Debug|Any CPU
		{943E1CC7-C1DC-44B8-9B97-9391BEAB7796}.Debug|x86.Build.0 = Debug|Any CPU
		{943E1CC7-C1DC-44B8-9B97-9391BEAB7796}.Release|Any CPU.ActiveCfg = Release|Any CPU
		{943E1CC7-C1DC-44B8-9B97-9391BEAB7796}.Release|Any CPU.Build.0 = Release|Any CPU
		{943E1CC7-C1DC-44B8-9B97-9391BEAB7796}.Release|x64.ActiveCfg = Release|Any CPU
		{943E1CC7-C1DC-44B8-9B97-9391BEAB7796}.Release|x64.Build.0 = Release|Any CPU
		{943E1CC7-C1DC-44B8-9B97-9391BEAB7796}.Release|x86.ActiveCfg = Release|Any CPU
		{943E1CC7-C1DC-44B8-9B97-9391BEAB7796}.Release|x86.Build.0 = Release|Any CPU
	EndGlobalSection
	GlobalSection(SolutionProperties) = preSolution
		HideSolutionNode = FALSE
	EndGlobalSection
	GlobalSection(NestedProjects) = preSolution
		{D2EBAC75-43D0-472E-803D-D0484348802B} = {15C03A4D-C500-66EB-8C61-BCCFF173B1C6}
		{943E1CC7-C1DC-44B8-9B97-9391BEAB7796} = {15C03A4D-C500-66EB-8C61-BCCFF173B1C6}
	EndGlobalSection
	GlobalSection(ExtensibilityGlobals) = postSolution
		SolutionGuid = {21FAA292-30DD-4F91-8CDA-66AC1A112195}
	EndGlobalSection
EndGlobal
